{
  "name": "canplatevalid",
  "lockfileVersion": 3,
  "requires": true,
  "packages": {
    "": {
      "dependencies": {
        "elric25/can-plate-validator": "^0.0.13"
      }
    },
    "node_modules/elric25/can-plate-validator": {
      "version": "0.0.13",
      "resolved": "https://registry.npmjs.org/elric25/can-plate-validator/-/can-plate-validator-0.0.13.tgz",
      "integrity": "sha512-6jMsKDMUUoSdH7/y601FzCWz2YnJVzEdZN8GojVbHG6RN0xtGiXtShv5oNiDRCpC/60Z0Rwg8+1bLeKXvph8DQ=="
    }
  }
}
